// !$*UTF8*$!
{
	archiveVersion = 1;
	classes = {
	};
	objectVersion = 46;
	objects = {

/* Begin PBXBuildFile section */
		AE33E5E21D9CDDA0009A78F3 /* URLRequest+HttpUtilities.swift in Sources */ = {isa = PBXBuildFile; fileRef = AE33E5E11D9CDDA0009A78F3 /* URLRequest+HttpUtilities.swift */; };
		AE9B311E1D9CF59E001C8FEE /* RestaurantListViewControllerTests.swift in Sources */ = {isa = PBXBuildFile; fileRef = AE9B311D1D9CF59E001C8FEE /* RestaurantListViewControllerTests.swift */; };
		AE9B31241D9D08CD001C8FEE /* TokenManager.swift in Sources */ = {isa = PBXBuildFile; fileRef = AE9B31231D9D08CD001C8FEE /* TokenManager.swift */; };
		AEA0A4881D9BAACD00D64A8C /* MockOsusumeSession.swift in Sources */ = {isa = PBXBuildFile; fileRef = AEC45D8C1D9B861B006EAE69 /* MockOsusumeSession.swift */; };
		AEA0A48B1D9BB2ED00D64A8C /* ErrorCodes.swift in Sources */ = {isa = PBXBuildFile; fileRef = AEA0A48A1D9BB2ED00D64A8C /* ErrorCodes.swift */; };
		AEA0A48D1D9CA5C100D64A8C /* RestaurantListViewController.swift in Sources */ = {isa = PBXBuildFile; fileRef = AEA0A48C1D9CA5C100D64A8C /* RestaurantListViewController.swift */; };
		AEA0A48F1D9CAFDD00D64A8C /* AutoLayoutLabel.swift in Sources */ = {isa = PBXBuildFile; fileRef = AEA0A48E1D9CAFDD00D64A8C /* AutoLayoutLabel.swift */; };
		AEC45D4A1D9B44C8006EAE69 /* AppDelegate.swift in Sources */ = {isa = PBXBuildFile; fileRef = AEC45D491D9B44C8006EAE69 /* AppDelegate.swift */; };
		AEC45D4C1D9B44C8006EAE69 /* LoginViewController.swift in Sources */ = {isa = PBXBuildFile; fileRef = AEC45D4B1D9B44C8006EAE69 /* LoginViewController.swift */; };
		AEC45D521D9B44C8006EAE69 /* osusume.xcdatamodeld in Sources */ = {isa = PBXBuildFile; fileRef = AEC45D501D9B44C8006EAE69 /* osusume.xcdatamodeld */; };
		AEC45D541D9B44C8006EAE69 /* Assets.xcassets in Resources */ = {isa = PBXBuildFile; fileRef = AEC45D531D9B44C8006EAE69 /* Assets.xcassets */; };
		AEC45D571D9B44C8006EAE69 /* LaunchScreen.storyboard in Resources */ = {isa = PBXBuildFile; fileRef = AEC45D551D9B44C8006EAE69 /* LaunchScreen.storyboard */; };
		AEC45D6D1D9B44C8006EAE69 /* osusumeUITests.swift in Sources */ = {isa = PBXBuildFile; fileRef = AEC45D6C1D9B44C8006EAE69 /* osusumeUITests.swift */; };
		AEC45D7E1D9B489E006EAE69 /* AutoLayoutTextField.swift in Sources */ = {isa = PBXBuildFile; fileRef = AEC45D7D1D9B489E006EAE69 /* AutoLayoutTextField.swift */; };
		AEC45D801D9B49B5006EAE69 /* AutoLayoutButton.swift in Sources */ = {isa = PBXBuildFile; fileRef = AEC45D7F1D9B49B5006EAE69 /* AutoLayoutButton.swift */; };
		AEC45D831D9B544D006EAE69 /* LoginViewControllerTests.swift in Sources */ = {isa = PBXBuildFile; fileRef = AEC45D821D9B544D006EAE69 /* LoginViewControllerTests.swift */; };
		AEC45D861D9B6923006EAE69 /* OsusumeApiStoreTests.swift in Sources */ = {isa = PBXBuildFile; fileRef = AEC45D851D9B6923006EAE69 /* OsusumeApiStoreTests.swift */; };
		AEC45D891D9B69B3006EAE69 /* OsusumeApiStore.swift in Sources */ = {isa = PBXBuildFile; fileRef = AEC45D881D9B69B3006EAE69 /* OsusumeApiStore.swift */; };
		AEC45D8B1D9B84D7006EAE69 /* OsusumeSession.swift in Sources */ = {isa = PBXBuildFile; fileRef = AEC45D8A1D9B84D7006EAE69 /* OsusumeSession.swift */; };
		AEC45D8F1D9B8C9E006EAE69 /* NetworkOsusumeSession.swift in Sources */ = {isa = PBXBuildFile; fileRef = AEC45D8E1D9B8C9E006EAE69 /* NetworkOsusumeSession.swift */; };
		AECE6BCE1D9DF74C004E964A /* URLRequest+HttpUtilitiesTests.swift in Sources */ = {isa = PBXBuildFile; fileRef = AECE6BCD1D9DF74C004E964A /* URLRequest+HttpUtilitiesTests.swift */; };
/* End PBXBuildFile section */

/* Begin PBXContainerItemProxy section */
		AEC45D5E1D9B44C8006EAE69 /* PBXContainerItemProxy */ = {
			isa = PBXContainerItemProxy;
			containerPortal = AEC45D3E1D9B44C8006EAE69 /* Project object */;
			proxyType = 1;
			remoteGlobalIDString = AEC45D451D9B44C8006EAE69;
			remoteInfo = osusume;
		};
		AEC45D691D9B44C8006EAE69 /* PBXContainerItemProxy */ = {
			isa = PBXContainerItemProxy;
			containerPortal = AEC45D3E1D9B44C8006EAE69 /* Project object */;
			proxyType = 1;
			remoteGlobalIDString = AEC45D451D9B44C8006EAE69;
			remoteInfo = osusume;
		};
/* End PBXContainerItemProxy section */

/* Begin PBXFileReference section */
		AE33E5E11D9CDDA0009A78F3 /* URLRequest+HttpUtilities.swift */ = {isa = PBXFileReference; fileEncoding = 4; lastKnownFileType = sourcecode.swift; path = "URLRequest+HttpUtilities.swift"; sourceTree = "<group>"; };
		AE9B311D1D9CF59E001C8FEE /* RestaurantListViewControllerTests.swift */ = {isa = PBXFileReference; fileEncoding = 4; lastKnownFileType = sourcecode.swift; path = RestaurantListViewControllerTests.swift; sourceTree = "<group>"; };
		AE9B31231D9D08CD001C8FEE /* TokenManager.swift */ = {isa = PBXFileReference; fileEncoding = 4; lastKnownFileType = sourcecode.swift; path = TokenManager.swift; sourceTree = "<group>"; };
		AEA0A48A1D9BB2ED00D64A8C /* ErrorCodes.swift */ = {isa = PBXFileReference; fileEncoding = 4; lastKnownFileType = sourcecode.swift; path = ErrorCodes.swift; sourceTree = "<group>"; };
		AEA0A48C1D9CA5C100D64A8C /* RestaurantListViewController.swift */ = {isa = PBXFileReference; fileEncoding = 4; lastKnownFileType = sourcecode.swift; path = RestaurantListViewController.swift; sourceTree = "<group>"; };
		AEA0A48E1D9CAFDD00D64A8C /* AutoLayoutLabel.swift */ = {isa = PBXFileReference; fileEncoding = 4; lastKnownFileType = sourcecode.swift; path = AutoLayoutLabel.swift; sourceTree = "<group>"; };
		AEC45D461D9B44C8006EAE69 /* osusume.app */ = {isa = PBXFileReference; explicitFileType = wrapper.application; includeInIndex = 0; path = osusume.app; sourceTree = BUILT_PRODUCTS_DIR; };
		AEC45D491D9B44C8006EAE69 /* AppDelegate.swift */ = {isa = PBXFileReference; lastKnownFileType = sourcecode.swift; path = AppDelegate.swift; sourceTree = "<group>"; };
		AEC45D4B1D9B44C8006EAE69 /* LoginViewController.swift */ = {isa = PBXFileReference; lastKnownFileType = sourcecode.swift; path = LoginViewController.swift; sourceTree = "<group>"; };
		AEC45D511D9B44C8006EAE69 /* osusume.xcdatamodel */ = {isa = PBXFileReference; lastKnownFileType = wrapper.xcdatamodel; path = osusume.xcdatamodel; sourceTree = "<group>"; };
		AEC45D531D9B44C8006EAE69 /* Assets.xcassets */ = {isa = PBXFileReference; lastKnownFileType = folder.assetcatalog; path = Assets.xcassets; sourceTree = "<group>"; };
		AEC45D561D9B44C8006EAE69 /* Base */ = {isa = PBXFileReference; lastKnownFileType = file.storyboard; name = Base; path = Base.lproj/LaunchScreen.storyboard; sourceTree = "<group>"; };
		AEC45D581D9B44C8006EAE69 /* Info.plist */ = {isa = PBXFileReference; lastKnownFileType = text.plist.xml; path = Info.plist; sourceTree = "<group>"; };
		AEC45D5D1D9B44C8006EAE69 /* osusumeTests.xctest */ = {isa = PBXFileReference; explicitFileType = wrapper.cfbundle; includeInIndex = 0; path = osusumeTests.xctest; sourceTree = BUILT_PRODUCTS_DIR; };
		AEC45D631D9B44C8006EAE69 /* Info.plist */ = {isa = PBXFileReference; lastKnownFileType = text.plist.xml; path = Info.plist; sourceTree = "<group>"; };
		AEC45D681D9B44C8006EAE69 /* osusumeUITests.xctest */ = {isa = PBXFileReference; explicitFileType = wrapper.cfbundle; includeInIndex = 0; path = osusumeUITests.xctest; sourceTree = BUILT_PRODUCTS_DIR; };
		AEC45D6C1D9B44C8006EAE69 /* osusumeUITests.swift */ = {isa = PBXFileReference; lastKnownFileType = sourcecode.swift; path = osusumeUITests.swift; sourceTree = "<group>"; };
		AEC45D6E1D9B44C8006EAE69 /* Info.plist */ = {isa = PBXFileReference; lastKnownFileType = text.plist.xml; path = Info.plist; sourceTree = "<group>"; };
		AEC45D7D1D9B489E006EAE69 /* AutoLayoutTextField.swift */ = {isa = PBXFileReference; fileEncoding = 4; lastKnownFileType = sourcecode.swift; path = AutoLayoutTextField.swift; sourceTree = "<group>"; };
		AEC45D7F1D9B49B5006EAE69 /* AutoLayoutButton.swift */ = {isa = PBXFileReference; fileEncoding = 4; lastKnownFileType = sourcecode.swift; path = AutoLayoutButton.swift; sourceTree = "<group>"; };
		AEC45D821D9B544D006EAE69 /* LoginViewControllerTests.swift */ = {isa = PBXFileReference; fileEncoding = 4; lastKnownFileType = sourcecode.swift; path = LoginViewControllerTests.swift; sourceTree = "<group>"; };
		AEC45D851D9B6923006EAE69 /* OsusumeApiStoreTests.swift */ = {isa = PBXFileReference; fileEncoding = 4; lastKnownFileType = sourcecode.swift; path = OsusumeApiStoreTests.swift; sourceTree = "<group>"; };
		AEC45D881D9B69B3006EAE69 /* OsusumeApiStore.swift */ = {isa = PBXFileReference; fileEncoding = 4; lastKnownFileType = sourcecode.swift; path = OsusumeApiStore.swift; sourceTree = "<group>"; };
		AEC45D8A1D9B84D7006EAE69 /* OsusumeSession.swift */ = {isa = PBXFileReference; fileEncoding = 4; lastKnownFileType = sourcecode.swift; path = OsusumeSession.swift; sourceTree = "<group>"; };
		AEC45D8C1D9B861B006EAE69 /* MockOsusumeSession.swift */ = {isa = PBXFileReference; fileEncoding = 4; lastKnownFileType = sourcecode.swift; path = MockOsusumeSession.swift; sourceTree = "<group>"; };
		AEC45D8E1D9B8C9E006EAE69 /* NetworkOsusumeSession.swift */ = {isa = PBXFileReference; fileEncoding = 4; lastKnownFileType = sourcecode.swift; path = NetworkOsusumeSession.swift; sourceTree = "<group>"; };
		AECE6BCD1D9DF74C004E964A /* URLRequest+HttpUtilitiesTests.swift */ = {isa = PBXFileReference; fileEncoding = 4; lastKnownFileType = sourcecode.swift; path = "URLRequest+HttpUtilitiesTests.swift"; sourceTree = "<group>"; };
/* End PBXFileReference section */

/* Begin PBXFrameworksBuildPhase section */
		AEC45D431D9B44C8006EAE69 /* Frameworks */ = {
			isa = PBXFrameworksBuildPhase;
			buildActionMask = 2147483647;
			files = (
			);
			runOnlyForDeploymentPostprocessing = 0;
		};
		AEC45D5A1D9B44C8006EAE69 /* Frameworks */ = {
			isa = PBXFrameworksBuildPhase;
			buildActionMask = 2147483647;
			files = (
			);
			runOnlyForDeploymentPostprocessing = 0;
		};
		AEC45D651D9B44C8006EAE69 /* Frameworks */ = {
			isa = PBXFrameworksBuildPhase;
			buildActionMask = 2147483647;
			files = (
			);
			runOnlyForDeploymentPostprocessing = 0;
		};
/* End PBXFrameworksBuildPhase section */

/* Begin PBXGroup section */
		AE33E5E01D9CDD4B009A78F3 /* Extensions */ = {
			isa = PBXGroup;
			children = (
				AE33E5E11D9CDDA0009A78F3 /* URLRequest+HttpUtilities.swift */,
			);
			name = Extensions;
			sourceTree = "<group>";
		};
		AE9B31211D9D0881001C8FEE /* Xcode resources */ = {
			isa = PBXGroup;
			children = (
				AEC45D581D9B44C8006EAE69 /* Info.plist */,
				AEC45D551D9B44C8006EAE69 /* LaunchScreen.storyboard */,
				AEC45D501D9B44C8006EAE69 /* osusume.xcdatamodeld */,
			);
			name = "Xcode resources";
			sourceTree = "<group>";
		};
		AE9B31221D9D08B4001C8FEE /* Helpers */ = {
			isa = PBXGroup;
			children = (
				AE9B31231D9D08CD001C8FEE /* TokenManager.swift */,
			);
			name = Helpers;
			sourceTree = "<group>";
		};
		AEA0A4891D9BB2B000D64A8C /* Errors */ = {
			isa = PBXGroup;
			children = (
				AEA0A48A1D9BB2ED00D64A8C /* ErrorCodes.swift */,
			);
			name = Errors;
			sourceTree = "<group>";
		};
		AEC45D3D1D9B44C8006EAE69 = {
			isa = PBXGroup;
			children = (
				AEC45D481D9B44C8006EAE69 /* osusume */,
				AEC45D601D9B44C8006EAE69 /* osusumeTests */,
				AEC45D6B1D9B44C8006EAE69 /* osusumeUITests */,
				AEC45D471D9B44C8006EAE69 /* Products */,
			);
			sourceTree = "<group>";
		};
		AEC45D471D9B44C8006EAE69 /* Products */ = {
			isa = PBXGroup;
			children = (
				AEC45D461D9B44C8006EAE69 /* osusume.app */,
				AEC45D5D1D9B44C8006EAE69 /* osusumeTests.xctest */,
				AEC45D681D9B44C8006EAE69 /* osusumeUITests.xctest */,
			);
			name = Products;
			sourceTree = "<group>";
		};
		AEC45D481D9B44C8006EAE69 /* osusume */ = {
			isa = PBXGroup;
			children = (
				AEA0A4891D9BB2B000D64A8C /* Errors */,
				AE33E5E01D9CDD4B009A78F3 /* Extensions */,
				AE9B31221D9D08B4001C8FEE /* Helpers */,
				AEC45D871D9B699E006EAE69 /* Stores */,
				AEC45D7A1D9B4813006EAE69 /* View Controllers */,
				AEC45D7B1D9B4819006EAE69 /* View Elements */,
				AE9B31211D9D0881001C8FEE /* Xcode resources */,
				AEC45D491D9B44C8006EAE69 /* AppDelegate.swift */,
				AEC45D531D9B44C8006EAE69 /* Assets.xcassets */,
			);
			path = osusume;
			sourceTree = "<group>";
		};
		AEC45D601D9B44C8006EAE69 /* osusumeTests */ = {
			isa = PBXGroup;
			children = (
				AECE6BCA1D9DF41B004E964A /* Extensions */,
				AEC45D841D9B6869006EAE69 /* Stores */,
				AEC45D811D9B5416006EAE69 /* View Controllers */,
				AEC45D631D9B44C8006EAE69 /* Info.plist */,
			);
			path = osusumeTests;
			sourceTree = "<group>";
		};
		AEC45D6B1D9B44C8006EAE69 /* osusumeUITests */ = {
			isa = PBXGroup;
			children = (
				AEC45D6E1D9B44C8006EAE69 /* Info.plist */,
				AEC45D6C1D9B44C8006EAE69 /* osusumeUITests.swift */,
			);
			path = osusumeUITests;
			sourceTree = "<group>";
		};
		AEC45D7A1D9B4813006EAE69 /* View Controllers */ = {
			isa = PBXGroup;
			children = (
				AEC45D4B1D9B44C8006EAE69 /* LoginViewController.swift */,
				AEA0A48C1D9CA5C100D64A8C /* RestaurantListViewController.swift */,
			);
			name = "View Controllers";
			sourceTree = "<group>";
		};
		AEC45D7B1D9B4819006EAE69 /* View Elements */ = {
			isa = PBXGroup;
			children = (
				AEC45D7C1D9B4825006EAE69 /* Autolayout */,
			);
			name = "View Elements";
			sourceTree = "<group>";
		};
		AEC45D7C1D9B4825006EAE69 /* Autolayout */ = {
			isa = PBXGroup;
			children = (
				AEC45D7F1D9B49B5006EAE69 /* AutoLayoutButton.swift */,
				AEA0A48E1D9CAFDD00D64A8C /* AutoLayoutLabel.swift */,
				AEC45D7D1D9B489E006EAE69 /* AutoLayoutTextField.swift */,
			);
			name = Autolayout;
			sourceTree = "<group>";
		};
		AEC45D811D9B5416006EAE69 /* View Controllers */ = {
			isa = PBXGroup;
			children = (
				AEC45D821D9B544D006EAE69 /* LoginViewControllerTests.swift */,
				AE9B311D1D9CF59E001C8FEE /* RestaurantListViewControllerTests.swift */,
			);
			name = "View Controllers";
			sourceTree = "<group>";
		};
		AEC45D841D9B6869006EAE69 /* Stores */ = {
			isa = PBXGroup;
			children = (
				AEC45D8C1D9B861B006EAE69 /* MockOsusumeSession.swift */,
				AEC45D851D9B6923006EAE69 /* OsusumeApiStoreTests.swift */,
			);
			name = Stores;
			sourceTree = "<group>";
		};
		AEC45D871D9B699E006EAE69 /* Stores */ = {
			isa = PBXGroup;
			children = (
				AEC45D901D9B8CDD006EAE69 /* Protocols */,
				AEC45D8E1D9B8C9E006EAE69 /* NetworkOsusumeSession.swift */,
				AEC45D881D9B69B3006EAE69 /* OsusumeApiStore.swift */,
			);
			name = Stores;
			sourceTree = "<group>";
		};
		AEC45D901D9B8CDD006EAE69 /* Protocols */ = {
			isa = PBXGroup;
			children = (
				AEC45D8A1D9B84D7006EAE69 /* OsusumeSession.swift */,
			);
			name = Protocols;
			sourceTree = "<group>";
		};
		AECE6BCA1D9DF41B004E964A /* Extensions */ = {
			isa = PBXGroup;
			children = (
				AECE6BCD1D9DF74C004E964A /* URLRequest+HttpUtilitiesTests.swift */,
			);
			name = Extensions;
			sourceTree = "<group>";
		};
/* End PBXGroup section */

/* Begin PBXNativeTarget section */
		AEC45D451D9B44C8006EAE69 /* osusume */ = {
			isa = PBXNativeTarget;
			buildConfigurationList = AEC45D711D9B44C8006EAE69 /* Build configuration list for PBXNativeTarget "osusume" */;
			buildPhases = (
				AEC45D421D9B44C8006EAE69 /* Sources */,
				AEC45D431D9B44C8006EAE69 /* Frameworks */,
				AEC45D441D9B44C8006EAE69 /* Resources */,
			);
			buildRules = (
			);
			dependencies = (
			);
			name = osusume;
			productName = osusume;
			productReference = AEC45D461D9B44C8006EAE69 /* osusume.app */;
			productType = "com.apple.product-type.application";
		};
		AEC45D5C1D9B44C8006EAE69 /* osusumeTests */ = {
			isa = PBXNativeTarget;
			buildConfigurationList = AEC45D741D9B44C8006EAE69 /* Build configuration list for PBXNativeTarget "osusumeTests" */;
			buildPhases = (
				AEC45D591D9B44C8006EAE69 /* Sources */,
				AEC45D5A1D9B44C8006EAE69 /* Frameworks */,
				AEC45D5B1D9B44C8006EAE69 /* Resources */,
			);
			buildRules = (
			);
			dependencies = (
				AEC45D5F1D9B44C8006EAE69 /* PBXTargetDependency */,
			);
			name = osusumeTests;
			productName = osusumeTests;
			productReference = AEC45D5D1D9B44C8006EAE69 /* osusumeTests.xctest */;
			productType = "com.apple.product-type.bundle.unit-test";
		};
		AEC45D671D9B44C8006EAE69 /* osusumeUITests */ = {
			isa = PBXNativeTarget;
			buildConfigurationList = AEC45D771D9B44C8006EAE69 /* Build configuration list for PBXNativeTarget "osusumeUITests" */;
			buildPhases = (
				AEC45D641D9B44C8006EAE69 /* Sources */,
				AEC45D651D9B44C8006EAE69 /* Frameworks */,
				AEC45D661D9B44C8006EAE69 /* Resources */,
			);
			buildRules = (
			);
			dependencies = (
				AEC45D6A1D9B44C8006EAE69 /* PBXTargetDependency */,
			);
			name = osusumeUITests;
			productName = osusumeUITests;
			productReference = AEC45D681D9B44C8006EAE69 /* osusumeUITests.xctest */;
			productType = "com.apple.product-type.bundle.ui-testing";
		};
/* End PBXNativeTarget section */

/* Begin PBXProject section */
		AEC45D3E1D9B44C8006EAE69 /* Project object */ = {
			isa = PBXProject;
			attributes = {
				LastSwiftUpdateCheck = 0800;
				LastUpgradeCheck = 0800;
				ORGANIZATIONNAME = pivotal;
				TargetAttributes = {
					AEC45D451D9B44C8006EAE69 = {
						CreatedOnToolsVersion = 8.0;
						DevelopmentTeam = 9G43X93F7Z;
						ProvisioningStyle = Automatic;
					};
					AEC45D5C1D9B44C8006EAE69 = {
						CreatedOnToolsVersion = 8.0;
						DevelopmentTeam = 9G43X93F7Z;
						ProvisioningStyle = Automatic;
						TestTargetID = AEC45D451D9B44C8006EAE69;
					};
					AEC45D671D9B44C8006EAE69 = {
						CreatedOnToolsVersion = 8.0;
						DevelopmentTeam = 9G43X93F7Z;
						ProvisioningStyle = Automatic;
						TestTargetID = AEC45D451D9B44C8006EAE69;
					};
				};
			};
			buildConfigurationList = AEC45D411D9B44C8006EAE69 /* Build configuration list for PBXProject "osusume" */;
			compatibilityVersion = "Xcode 3.2";
			developmentRegion = English;
			hasScannedForEncodings = 0;
			knownRegions = (
				en,
				Base,
			);
			mainGroup = AEC45D3D1D9B44C8006EAE69;
			productRefGroup = AEC45D471D9B44C8006EAE69 /* Products */;
			projectDirPath = "";
			projectRoot = "";
			targets = (
				AEC45D451D9B44C8006EAE69 /* osusume */,
				AEC45D5C1D9B44C8006EAE69 /* osusumeTests */,
				AEC45D671D9B44C8006EAE69 /* osusumeUITests */,
			);
		};
/* End PBXProject section */

/* Begin PBXResourcesBuildPhase section */
		AEC45D441D9B44C8006EAE69 /* Resources */ = {
			isa = PBXResourcesBuildPhase;
			buildActionMask = 2147483647;
			files = (
				AEC45D541D9B44C8006EAE69 /* Assets.xcassets in Resources */,
				AEC45D571D9B44C8006EAE69 /* LaunchScreen.storyboard in Resources */,
			);
			runOnlyForDeploymentPostprocessing = 0;
		};
		AEC45D5B1D9B44C8006EAE69 /* Resources */ = {
			isa = PBXResourcesBuildPhase;
			buildActionMask = 2147483647;
			files = (
			);
			runOnlyForDeploymentPostprocessing = 0;
		};
		AEC45D661D9B44C8006EAE69 /* Resources */ = {
			isa = PBXResourcesBuildPhase;
			buildActionMask = 2147483647;
			files = (
			);
			runOnlyForDeploymentPostprocessing = 0;
		};
/* End PBXResourcesBuildPhase section */

/* Begin PBXSourcesBuildPhase section */
		AEC45D421D9B44C8006EAE69 /* Sources */ = {
			isa = PBXSourcesBuildPhase;
			buildActionMask = 2147483647;
			files = (
				AEC45D4A1D9B44C8006EAE69 /* AppDelegate.swift in Sources */,
				AEC45D801D9B49B5006EAE69 /* AutoLayoutButton.swift in Sources */,
				AEA0A48F1D9CAFDD00D64A8C /* AutoLayoutLabel.swift in Sources */,
				AEC45D7E1D9B489E006EAE69 /* AutoLayoutTextField.swift in Sources */,
				AEA0A48B1D9BB2ED00D64A8C /* ErrorCodes.swift in Sources */,
				AEC45D4C1D9B44C8006EAE69 /* LoginViewController.swift in Sources */,
				AEC45D8F1D9B8C9E006EAE69 /* NetworkOsusumeSession.swift in Sources */,
				AEC45D521D9B44C8006EAE69 /* osusume.xcdatamodeld in Sources */,
				AEC45D891D9B69B3006EAE69 /* OsusumeApiStore.swift in Sources */,
				AEC45D8B1D9B84D7006EAE69 /* OsusumeSession.swift in Sources */,
				AEA0A48D1D9CA5C100D64A8C /* RestaurantListViewController.swift in Sources */,
				AE9B31241D9D08CD001C8FEE /* TokenManager.swift in Sources */,
				AE33E5E21D9CDDA0009A78F3 /* URLRequest+HttpUtilities.swift in Sources */,
			);
			runOnlyForDeploymentPostprocessing = 0;
		};
		AEC45D591D9B44C8006EAE69 /* Sources */ = {
			isa = PBXSourcesBuildPhase;
			buildActionMask = 2147483647;
			files = (
				AEC45D831D9B544D006EAE69 /* LoginViewControllerTests.swift in Sources */,
				AEA0A4881D9BAACD00D64A8C /* MockOsusumeSession.swift in Sources */,
				AEC45D861D9B6923006EAE69 /* OsusumeApiStoreTests.swift in Sources */,
				AE9B311E1D9CF59E001C8FEE /* RestaurantListViewControllerTests.swift in Sources */,
				AECE6BCE1D9DF74C004E964A /* URLRequest+HttpUtilitiesTests.swift in Sources */,
			);
			runOnlyForDeploymentPostprocessing = 0;
		};
		AEC45D641D9B44C8006EAE69 /* Sources */ = {
			isa = PBXSourcesBuildPhase;
			buildActionMask = 2147483647;
			files = (
				AEC45D6D1D9B44C8006EAE69 /* osusumeUITests.swift in Sources */,
			);
			runOnlyForDeploymentPostprocessing = 0;
		};
/* End PBXSourcesBuildPhase section */

/* Begin PBXTargetDependency section */
		AEC45D5F1D9B44C8006EAE69 /* PBXTargetDependency */ = {
			isa = PBXTargetDependency;
			target = AEC45D451D9B44C8006EAE69 /* osusume */;
			targetProxy = AEC45D5E1D9B44C8006EAE69 /* PBXContainerItemProxy */;
		};
		AEC45D6A1D9B44C8006EAE69 /* PBXTargetDependency */ = {
			isa = PBXTargetDependency;
			target = AEC45D451D9B44C8006EAE69 /* osusume */;
			targetProxy = AEC45D691D9B44C8006EAE69 /* PBXContainerItemProxy */;
		};
/* End PBXTargetDependency section */

/* Begin PBXVariantGroup section */
		AEC45D551D9B44C8006EAE69 /* LaunchScreen.storyboard */ = {
			isa = PBXVariantGroup;
			children = (
				AEC45D561D9B44C8006EAE69 /* Base */,
			);
			name = LaunchScreen.storyboard;
			sourceTree = "<group>";
		};
/* End PBXVariantGroup section */

/* Begin XCBuildConfiguration section */
		AEC45D6F1D9B44C8006EAE69 /* Debug */ = {
			isa = XCBuildConfiguration;
			buildSettings = {
				ALWAYS_SEARCH_USER_PATHS = NO;
				CLANG_ANALYZER_NONNULL = YES;
				CLANG_CXX_LANGUAGE_STANDARD = "gnu++0x";
				CLANG_CXX_LIBRARY = "libc++";
				CLANG_ENABLE_MODULES = YES;
				CLANG_ENABLE_OBJC_ARC = YES;
				CLANG_WARN_BOOL_CONVERSION = YES;
				CLANG_WARN_CONSTANT_CONVERSION = YES;
				CLANG_WARN_DIRECT_OBJC_ISA_USAGE = YES_ERROR;
				CLANG_WARN_DOCUMENTATION_COMMENTS = YES;
				CLANG_WARN_EMPTY_BODY = YES;
				CLANG_WARN_ENUM_CONVERSION = YES;
				CLANG_WARN_INFINITE_RECURSION = YES;
				CLANG_WARN_INT_CONVERSION = YES;
				CLANG_WARN_OBJC_ROOT_CLASS = YES_ERROR;
				CLANG_WARN_SUSPICIOUS_MOVES = YES;
				CLANG_WARN_UNREACHABLE_CODE = YES;
				CLANG_WARN__DUPLICATE_METHOD_MATCH = YES;
				"CODE_SIGN_IDENTITY[sdk=iphoneos*]" = "iPhone Developer";
				COPY_PHASE_STRIP = NO;
				DEBUG_INFORMATION_FORMAT = dwarf;
				ENABLE_STRICT_OBJC_MSGSEND = YES;
				ENABLE_TESTABILITY = YES;
				GCC_C_LANGUAGE_STANDARD = gnu99;
				GCC_DYNAMIC_NO_PIC = NO;
				GCC_NO_COMMON_BLOCKS = YES;
				GCC_OPTIMIZATION_LEVEL = 0;
				GCC_PREPROCESSOR_DEFINITIONS = (
					"DEBUG=1",
					"$(inherited)",
				);
				GCC_WARN_64_TO_32_BIT_CONVERSION = YES;
				GCC_WARN_ABOUT_RETURN_TYPE = YES_ERROR;
				GCC_WARN_UNDECLARED_SELECTOR = YES;
				GCC_WARN_UNINITIALIZED_AUTOS = YES_AGGRESSIVE;
				GCC_WARN_UNUSED_FUNCTION = YES;
				GCC_WARN_UNUSED_VARIABLE = YES;
				IPHONEOS_DEPLOYMENT_TARGET = 10.0;
				MTL_ENABLE_DEBUG_INFO = YES;
				ONLY_ACTIVE_ARCH = YES;
				SDKROOT = iphoneos;
				SWIFT_ACTIVE_COMPILATION_CONDITIONS = DEBUG;
				SWIFT_OPTIMIZATION_LEVEL = "-Onone";
				TARGETED_DEVICE_FAMILY = "1,2";
			};
			name = Debug;
		};
		AEC45D701D9B44C8006EAE69 /* Release */ = {
			isa = XCBuildConfiguration;
			buildSettings = {
				ALWAYS_SEARCH_USER_PATHS = NO;
				CLANG_ANALYZER_NONNULL = YES;
				CLANG_CXX_LANGUAGE_STANDARD = "gnu++0x";
				CLANG_CXX_LIBRARY = "libc++";
				CLANG_ENABLE_MODULES = YES;
				CLANG_ENABLE_OBJC_ARC = YES;
				CLANG_WARN_BOOL_CONVERSION = YES;
				CLANG_WARN_CONSTANT_CONVERSION = YES;
				CLANG_WARN_DIRECT_OBJC_ISA_USAGE = YES_ERROR;
				CLANG_WARN_DOCUMENTATION_COMMENTS = YES;
				CLANG_WARN_EMPTY_BODY = YES;
				CLANG_WARN_ENUM_CONVERSION = YES;
				CLANG_WARN_INFINITE_RECURSION = YES;
				CLANG_WARN_INT_CONVERSION = YES;
				CLANG_WARN_OBJC_ROOT_CLASS = YES_ERROR;
				CLANG_WARN_SUSPICIOUS_MOVES = YES;
				CLANG_WARN_UNREACHABLE_CODE = YES;
				CLANG_WARN__DUPLICATE_METHOD_MATCH = YES;
				"CODE_SIGN_IDENTITY[sdk=iphoneos*]" = "iPhone Developer";
				COPY_PHASE_STRIP = NO;
				DEBUG_INFORMATION_FORMAT = "dwarf-with-dsym";
				ENABLE_NS_ASSERTIONS = NO;
				ENABLE_STRICT_OBJC_MSGSEND = YES;
				GCC_C_LANGUAGE_STANDARD = gnu99;
				GCC_NO_COMMON_BLOCKS = YES;
				GCC_WARN_64_TO_32_BIT_CONVERSION = YES;
				GCC_WARN_ABOUT_RETURN_TYPE = YES_ERROR;
				GCC_WARN_UNDECLARED_SELECTOR = YES;
				GCC_WARN_UNINITIALIZED_AUTOS = YES_AGGRESSIVE;
				GCC_WARN_UNUSED_FUNCTION = YES;
				GCC_WARN_UNUSED_VARIABLE = YES;
				IPHONEOS_DEPLOYMENT_TARGET = 10.0;
				MTL_ENABLE_DEBUG_INFO = NO;
				SDKROOT = iphoneos;
				SWIFT_OPTIMIZATION_LEVEL = "-Owholemodule";
				TARGETED_DEVICE_FAMILY = "1,2";
				VALIDATE_PRODUCT = YES;
			};
			name = Release;
		};
		AEC45D721D9B44C8006EAE69 /* Debug */ = {
			isa = XCBuildConfiguration;
			buildSettings = {
				ASSETCATALOG_COMPILER_APPICON_NAME = AppIcon;
				DEVELOPMENT_TEAM = 9G43X93F7Z;
				INFOPLIST_FILE = osusume/Info.plist;
				IPHONEOS_DEPLOYMENT_TARGET = 10.0;
				LD_RUNPATH_SEARCH_PATHS = "$(inherited) @executable_path/Frameworks";
				PRODUCT_BUNDLE_IDENTIFIER = com.pivotal.osusume;
				PRODUCT_NAME = "$(TARGET_NAME)";
				SWIFT_VERSION = 3.0;
			};
			name = Debug;
		};
		AEC45D731D9B44C8006EAE69 /* Release */ = {
			isa = XCBuildConfiguration;
			buildSettings = {
				ASSETCATALOG_COMPILER_APPICON_NAME = AppIcon;
				DEVELOPMENT_TEAM = 9G43X93F7Z;
				INFOPLIST_FILE = osusume/Info.plist;
				IPHONEOS_DEPLOYMENT_TARGET = 10.0;
				LD_RUNPATH_SEARCH_PATHS = "$(inherited) @executable_path/Frameworks";
				PRODUCT_BUNDLE_IDENTIFIER = com.pivotal.osusume;
				PRODUCT_NAME = "$(TARGET_NAME)";
				SWIFT_VERSION = 3.0;
			};
			name = Release;
		};
		AEC45D751D9B44C8006EAE69 /* Debug */ = {
			isa = XCBuildConfiguration;
			buildSettings = {
				ALWAYS_EMBED_SWIFT_STANDARD_LIBRARIES = YES;
				BUNDLE_LOADER = "$(TEST_HOST)";
				DEVELOPMENT_TEAM = 9G43X93F7Z;
				INFOPLIST_FILE = osusumeTests/Info.plist;
				LD_RUNPATH_SEARCH_PATHS = "$(inherited) @executable_path/Frameworks @loader_path/Frameworks";
				PRODUCT_BUNDLE_IDENTIFIER = com.pivotal.osusumeTests;
				PRODUCT_NAME = "$(TARGET_NAME)";
				SWIFT_VERSION = 3.0;
				TEST_HOST = "$(BUILT_PRODUCTS_DIR)/osusume.app/osusume";
			};
			name = Debug;
		};
		AEC45D761D9B44C8006EAE69 /* Release */ = {
			isa = XCBuildConfiguration;
			buildSettings = {
				ALWAYS_EMBED_SWIFT_STANDARD_LIBRARIES = YES;
				BUNDLE_LOADER = "$(TEST_HOST)";
				DEVELOPMENT_TEAM = 9G43X93F7Z;
				INFOPLIST_FILE = osusumeTests/Info.plist;
				LD_RUNPATH_SEARCH_PATHS = "$(inherited) @executable_path/Frameworks @loader_path/Frameworks";
				PRODUCT_BUNDLE_IDENTIFIER = com.pivotal.osusumeTests;
				PRODUCT_NAME = "$(TARGET_NAME)";
				SWIFT_VERSION = 3.0;
				TEST_HOST = "$(BUILT_PRODUCTS_DIR)/osusume.app/osusume";
			};
			name = Release;
		};
		AEC45D781D9B44C8006EAE69 /* Debug */ = {
			isa = XCBuildConfiguration;
			buildSettings = {
				ALWAYS_EMBED_SWIFT_STANDARD_LIBRARIES = YES;
				DEVELOPMENT_TEAM = 9G43X93F7Z;
				INFOPLIST_FILE = osusumeUITests/Info.plist;
				LD_RUNPATH_SEARCH_PATHS = "$(inherited) @executable_path/Frameworks @loader_path/Frameworks";
				PRODUCT_BUNDLE_IDENTIFIER = com.pivotal.osusumeUITests;
				PRODUCT_NAME = "$(TARGET_NAME)";
				SWIFT_VERSION = 3.0;
				TEST_TARGET_NAME = osusume;
			};
			name = Debug;
		};
		AEC45D791D9B44C8006EAE69 /* Release */ = {
			isa = XCBuildConfiguration;
			buildSettings = {
				ALWAYS_EMBED_SWIFT_STANDARD_LIBRARIES = YES;
				DEVELOPMENT_TEAM = 9G43X93F7Z;
				INFOPLIST_FILE = osusumeUITests/Info.plist;
				LD_RUNPATH_SEARCH_PATHS = "$(inherited) @executable_path/Frameworks @loader_path/Frameworks";
				PRODUCT_BUNDLE_IDENTIFIER = com.pivotal.osusumeUITests;
				PRODUCT_NAME = "$(TARGET_NAME)";
				SWIFT_VERSION = 3.0;
				TEST_TARGET_NAME = osusume;
			};
			name = Release;
		};
/* End XCBuildConfiguration section */

/* Begin XCConfigurationList section */
		AEC45D411D9B44C8006EAE69 /* Build configuration list for PBXProject "osusume" */ = {
			isa = XCConfigurationList;
			buildConfigurations = (
				AEC45D6F1D9B44C8006EAE69 /* Debug */,
				AEC45D701D9B44C8006EAE69 /* Release */,
			);
			defaultConfigurationIsVisible = 0;
			defaultConfigurationName = Release;
		};
		AEC45D711D9B44C8006EAE69 /* Build configuration list for PBXNativeTarget "osusume" */ = {
			isa = XCConfigurationList;
			buildConfigurations = (
				AEC45D721D9B44C8006EAE69 /* Debug */,
				AEC45D731D9B44C8006EAE69 /* Release */,
			);
			defaultConfigurationIsVisible = 0;
			defaultConfigurationName = Release;
		};
		AEC45D741D9B44C8006EAE69 /* Build configuration list for PBXNativeTarget "osusumeTests" */ = {
			isa = XCConfigurationList;
			buildConfigurations = (
				AEC45D751D9B44C8006EAE69 /* Debug */,
				AEC45D761D9B44C8006EAE69 /* Release */,
			);
			defaultConfigurationIsVisible = 0;
			defaultConfigurationName = Release;
		};
		AEC45D771D9B44C8006EAE69 /* Build configuration list for PBXNativeTarget "osusumeUITests" */ = {
			isa = XCConfigurationList;
			buildConfigurations = (
				AEC45D781D9B44C8006EAE69 /* Debug */,
				AEC45D791D9B44C8006EAE69 /* Release */,
			);
			defaultConfigurationIsVisible = 0;
			defaultConfigurationName = Release;
		};
/* End XCConfigurationList section */

/* Begin XCVersionGroup section */
		AEC45D501D9B44C8006EAE69 /* osusume.xcdatamodeld */ = {
			isa = XCVersionGroup;
			children = (
				AEC45D511D9B44C8006EAE69 /* osusume.xcdatamodel */,
			);
			currentVersion = AEC45D511D9B44C8006EAE69 /* osusume.xcdatamodel */;
			path = osusume.xcdatamodeld;
			sourceTree = "<group>";
			versionGroupType = wrapper.xcdatamodel;
		};
/* End XCVersionGroup section */
	};
	rootObject = AEC45D3E1D9B44C8006EAE69 /* Project object */;
}
